
Microsoft Visual Studio Solution File, Format Version 12.00
# Visual Studio 14
VisualStudioVersion = 14.0.25420.1
MinimumVisualStudioVersion = 10.0.40219.1
Project("{FAE04EC0-301F-11D3-BF4B-00C04F79EFBC}") = "Udemy.TopluMail.Core", "Udemy.TopluMail.Core\Udemy.TopluMail.Core.csproj", "{9F478D26-5927-4491-BE7B-086DAF06B7BE}"
EndProject
Project("{FAE04EC0-301F-11D3-BF4B-00C04F79EFBC}") = "Udemy.TopluMail.Entities", "Udemy.TopluMail.Entities\Udemy.TopluMail.Entities.csproj", "{88BF1F1D-C5FD-47BA-A99A-C485B37A3415}"
EndProject
Project("{FAE04EC0-301F-11D3-BF4B-00C04F79EFBC}") = "Udemy.TopluMail.ConsoleApp", "Udemy.TopluMail.ConsoleApp\Udemy.TopluMail.ConsoleApp.csproj", "{699B0B5F-6F76-4C49-8463-D5BC4FBE2978}"
EndProject
Project("{FAE04EC0-301F-11D3-BF4B-00C04F79EFBC}") = "Udemy.TopluMail.Goruntule", "Udemy.TopluMail.Goruntule\Udemy.TopluMail.Goruntule.csproj", "{24D21E96-3252-46C8-AFD5-5574EF83C871}"
EndProject
Project("{FAE04EC0-301F-11D3-BF4B-00C04F79EFBC}") = "Udemy.TopluMail.WinServis", "Udemy.TopluMail.WinServis\Udemy.TopluMail.WinServis.csproj", "{33767C84-5D92-48D1-8F74-9F36C77E0C4D}"
EndProject
Project("{FAE04EC0-301F-11D3-BF4B-00C04F79EFBC}") = "Udemy.TopluMail.W3", "Udemy.TopluMail.W3\Udemy.TopluMail.W3.csproj", "{FD54E853-1930-4365-8D4E-84807889A90F}"
EndProject
Global
	GlobalSection(SolutionConfigurationPlatforms) = preSolution
		Debug|Any CPU = Debug|Any CPU
		Release|Any CPU = Release|Any CPU
	EndGlobalSection
	GlobalSection(ProjectConfigurationPlatforms) = postSolution
		{9F478D26-5927-4491-BE7B-086DAF06B7BE}.Debug|Any CPU.ActiveCfg = Debug|Any CPU
		{9F478D26-5927-4491-BE7B-086DAF06B7BE}.Debug|Any CPU.Build.0 = Debug|Any CPU
		{9F478D26-5927-4491-BE7B-086DAF06B7BE}.Release|Any CPU.ActiveCfg = Release|Any CPU
		{9F478D26-5927-4491-BE7B-086DAF06B7BE}.Release|Any CPU.Build.0 = Release|Any CPU
		{88BF1F1D-C5FD-47BA-A99A-C485B37A3415}.Debug|Any CPU.ActiveCfg = Debug|Any CPU
		{88BF1F1D-C5FD-47BA-A99A-C485B37A3415}.Debug|Any CPU.Build.0 = Debug|Any CPU
		{88BF1F1D-C5FD-47BA-A99A-C485B37A3415}.Release|Any CPU.ActiveCfg = Release|Any CPU
		{88BF1F1D-C5FD-47BA-A99A-C485B37A3415}.Release|Any CPU.Build.0 = Release|Any CPU
		{699B0B5F-6F76-4C49-8463-D5BC4FBE2978}.Debug|Any CPU.ActiveCfg = Debug|Any CPU
		{699B0B5F-6F76-4C49-8463-D5BC4FBE2978}.Debug|Any CPU.Build.0 = Debug|Any CPU
		{699B0B5F-6F76-4C49-8463-D5BC4FBE2978}.Release|Any CPU.ActiveCfg = Release|Any CPU
		{699B0B5F-6F76-4C49-8463-D5BC4FBE2978}.Release|Any CPU.Build.0 = Release|Any CPU
		{24D21E96-3252-46C8-AFD5-5574EF83C871}.Debug|Any CPU.ActiveCfg = Debug|Any CPU
		{24D21E96-3252-46C8-AFD5-5574EF83C871}.Debug|Any CPU.Build.0 = Debug|Any CPU
		{24D21E96-3252-46C8-AFD5-5574EF83C871}.Release|Any CPU.ActiveCfg = Release|Any CPU
		{24D21E96-3252-46C8-AFD5-5574EF83C871}.Release|Any CPU.Build.0 = Release|Any CPU
		{33767C84-5D92-48D1-8F74-9F36C77E0C4D}.Debug|Any CPU.ActiveCfg = Debug|Any CPU
		{33767C84-5D92-48D1-8F74-9F36C77E0C4D}.Debug|Any CPU.Build.0 = Debug|Any CPU
		{33767C84-5D92-48D1-8F74-9F36C77E0C4D}.Release|Any CPU.ActiveCfg = Release|Any CPU
		{33767C84-5D92-48D1-8F74-9F36C77E0C4D}.Release|Any CPU.Build.0 = Release|Any CPU
		{FD54E853-1930-4365-8D4E-84807889A90F}.Debug|Any CPU.ActiveCfg = Debug|Any CPU
		{FD54E853-1930-4365-8D4E-84807889A90F}.Debug|Any CPU.Build.0 = Debug|Any CPU
		{FD54E853-1930-4365-8D4E-84807889A90F}.Release|Any CPU.ActiveCfg = Release|Any CPU
		{FD54E853-1930-4365-8D4E-84807889A90F}.Release|Any CPU.Build.0 = Release|Any CPU
	EndGlobalSection
	GlobalSection(SolutionProperties) = preSolution
		HideSolutionNode = FALSE
	EndGlobalSection
EndGlobal
